{
  "pins" : [
    {
      "identity" : "colibricomponents-macos",
      "kind" : "remoteSourceControl",
      "location" : "https://github.com/david-swift/ColibriComponents-macOS",
      "state" : {
        "revision" : "b0b56f5ebc4520c1dbb2ba4495c769dd9fa35242",
        "version" : "0.1.0"
      }
    },
    {
      "identity" : "sfsafesymbols",
      "kind" : "remoteSourceControl",
      "location" : "https://github.com/SFSafeSymbols/SFSafeSymbols",
      "state" : {
        "revision" : "7cca2d60925876b5953a2cf7341cd80fbeac983c",
        "version" : "4.1.1"
      }
    },
    {
      "identity" : "swiftlintplugin",
      "kind" : "remoteSourceControl",
      "location" : "https://github.com/lukepistrol/SwiftLintPlugin",
      "state" : {
        "revision" : "f69b412a765396d44dc9f4788a5b79919c1ca9e3",
        "version" : "0.2.2"
      }
    }
  ],
  "version" : 2
}
